
Microsoft Visual Studio Solution File, Format Version 12.00
# Visual Studio Version 17
VisualStudioVersion = 17.6.33717.318
MinimumVisualStudioVersion = 10.0.40219.1
Project("{FAE04EC0-301F-11D3-BF4B-00C04F79EFBC}") = "webAPIlastPractice", "webAPIlastPractice\webAPIlastPractice.csproj", "{2150898B-94C4-423D-B5AE-17C7B0BBAA26}"
EndProject
Project("{FAE04EC0-301F-11D3-BF4B-00C04F79EFBC}") = "EmployeeDataAccess2", "EmployeeDataAccess2\EmployeeDataAccess2.csproj", "{8772B943-2FEC-425D-853D-B673D30EFCBE}"
EndProject
Global
	GlobalSection(SolutionConfigurationPlatforms) = preSolution
		Debug|Any CPU = Debug|Any CPU
		Release|Any CPU = Release|Any CPU
	EndGlobalSection
	GlobalSection(ProjectConfigurationPlatforms) = postSolution
		{2150898B-94C4-423D-B5AE-17C7B0BBAA26}.Debug|Any CPU.ActiveCfg = Debug|Any CPU
		{2150898B-94C4-423D-B5AE-17C7B0BBAA26}.Debug|Any CPU.Build.0 = Debug|Any CPU
		{2150898B-94C4-423D-B5AE-17C7B0BBAA26}.Release|Any CPU.ActiveCfg = Release|Any CPU
		{2150898B-94C4-423D-B5AE-17C7B0BBAA26}.Release|Any CPU.Build.0 = Release|Any CPU
		{8772B943-2FEC-425D-853D-B673D30EFCBE}.Debug|Any CPU.ActiveCfg = Debug|Any CPU
		{8772B943-2FEC-425D-853D-B673D30EFCBE}.Debug|Any CPU.Build.0 = Debug|Any CPU
		{8772B943-2FEC-425D-853D-B673D30EFCBE}.Release|Any CPU.ActiveCfg = Release|Any CPU
		{8772B943-2FEC-425D-853D-B673D30EFCBE}.Release|Any CPU.Build.0 = Release|Any CPU
	EndGlobalSection
	GlobalSection(SolutionProperties) = preSolution
		HideSolutionNode = FALSE
	EndGlobalSection
	GlobalSection(ExtensibilityGlobals) = postSolution
		SolutionGuid = {E7F6405C-893A-490B-9394-0A904B35AB8F}
	EndGlobalSection
EndGlobal
