
Microsoft Visual Studio Solution File, Format Version 12.00
# Visual Studio Version 17
VisualStudioVersion = 17.6.33717.318
MinimumVisualStudioVersion = 10.0.40219.1
Project("{9A19103F-16F7-4668-BE54-9A1E7A4F7556}") = "additiontask", "additiontask\additiontask.csproj", "{AA26833C-66BD-4252-B9BD-BEC1CEB3F61C}"
EndProject
Project("{FAE04EC0-301F-11D3-BF4B-00C04F79EFBC}") = "unitTesting1", "unitTesting1\unitTesting1.csproj", "{6D27B18C-D199-4BB8-88E9-C0AF353B6EBF}"
EndProject
Project("{FAE04EC0-301F-11D3-BF4B-00C04F79EFBC}") = "unitTesting1Tests", "unitTesting1Tests\unitTesting1Tests.csproj", "{2B11D5C8-CEDA-4970-8F88-57BE34D1BCCA}"
EndProject
Global
	GlobalSection(SolutionConfigurationPlatforms) = preSolution
		Debug|Any CPU = Debug|Any CPU
		Release|Any CPU = Release|Any CPU
	EndGlobalSection
	GlobalSection(ProjectConfigurationPlatforms) = postSolution
		{AA26833C-66BD-4252-B9BD-BEC1CEB3F61C}.Debug|Any CPU.ActiveCfg = Debug|Any CPU
		{AA26833C-66BD-4252-B9BD-BEC1CEB3F61C}.Debug|Any CPU.Build.0 = Debug|Any CPU
		{AA26833C-66BD-4252-B9BD-BEC1CEB3F61C}.Release|Any CPU.ActiveCfg = Release|Any CPU
		{AA26833C-66BD-4252-B9BD-BEC1CEB3F61C}.Release|Any CPU.Build.0 = Release|Any CPU
		{6D27B18C-D199-4BB8-88E9-C0AF353B6EBF}.Debug|Any CPU.ActiveCfg = Debug|Any CPU
		{6D27B18C-D199-4BB8-88E9-C0AF353B6EBF}.Debug|Any CPU.Build.0 = Debug|Any CPU
		{6D27B18C-D199-4BB8-88E9-C0AF353B6EBF}.Release|Any CPU.ActiveCfg = Release|Any CPU
		{6D27B18C-D199-4BB8-88E9-C0AF353B6EBF}.Release|Any CPU.Build.0 = Release|Any CPU
		{2B11D5C8-CEDA-4970-8F88-57BE34D1BCCA}.Debug|Any CPU.ActiveCfg = Debug|Any CPU
		{2B11D5C8-CEDA-4970-8F88-57BE34D1BCCA}.Debug|Any CPU.Build.0 = Debug|Any CPU
		{2B11D5C8-CEDA-4970-8F88-57BE34D1BCCA}.Release|Any CPU.ActiveCfg = Release|Any CPU
		{2B11D5C8-CEDA-4970-8F88-57BE34D1BCCA}.Release|Any CPU.Build.0 = Release|Any CPU
	EndGlobalSection
	GlobalSection(SolutionProperties) = preSolution
		HideSolutionNode = FALSE
	EndGlobalSection
	GlobalSection(ExtensibilityGlobals) = postSolution
		SolutionGuid = {D059EF40-8119-4ACF-9424-628C5B000AB5}
	EndGlobalSection
EndGlobal
