
Microsoft Visual Studio Solution File, Format Version 12.00
# Visual Studio Version 17
VisualStudioVersion = 17.5.33627.172
MinimumVisualStudioVersion = 10.0.40219.1
Project("{FAE04EC0-301F-11D3-BF4B-00C04F79EFBC}") = "AsyncProgrammingExample", "AsyncProgrammingExample\AsyncProgrammingExample.csproj", "{DF01EA62-2FE0-4482-A2C8-632F95AA91E1}"
EndProject
Global
	GlobalSection(SolutionConfigurationPlatforms) = preSolution
		Debug|Any CPU = Debug|Any CPU
		Release|Any CPU = Release|Any CPU
	EndGlobalSection
	GlobalSection(ProjectConfigurationPlatforms) = postSolution
		{DF01EA62-2FE0-4482-A2C8-632F95AA91E1}.Debug|Any CPU.ActiveCfg = Debug|Any CPU
		{DF01EA62-2FE0-4482-A2C8-632F95AA91E1}.Debug|Any CPU.Build.0 = Debug|Any CPU
		{DF01EA62-2FE0-4482-A2C8-632F95AA91E1}.Release|Any CPU.ActiveCfg = Release|Any CPU
		{DF01EA62-2FE0-4482-A2C8-632F95AA91E1}.Release|Any CPU.Build.0 = Release|Any CPU
	EndGlobalSection
	GlobalSection(SolutionProperties) = preSolution
		HideSolutionNode = FALSE
	EndGlobalSection
	GlobalSection(ExtensibilityGlobals) = postSolution
		SolutionGuid = {D2B379E0-FC10-4A29-AA29-66725A880524}
	EndGlobalSection
EndGlobal
